// !$*UTF8*$!
{
	archiveVersion = 1;
	classes = {
	};
	objectVersion = 56;
	objects = {

/* Begin PBXBuildFile section */
		6D3F200B2C10000100A1B001 /* WhatsAppArchiveApp.swift in Sources */ = {isa = PBXBuildFile; fileRef = 6D3F200A2C10000100A1B001 /* WhatsAppArchiveApp.swift */; };
		6D3F200D2C10000100A1B001 /* ChatSummary.swift in Sources */ = {isa = PBXBuildFile; fileRef = 6D3F200C2C10000100A1B001 /* ChatSummary.swift */; };
		6D3F200F2C10000100A1B001 /* MessageRow.swift in Sources */ = {isa = PBXBuildFile; fileRef = 6D3F200E2C10000100A1B001 /* MessageRow.swift */; };
		6D3F20112C10000100A1B001 /* WhatsAppDatabase.swift in Sources */ = {isa = PBXBuildFile; fileRef = 6D3F20102C10000100A1B001 /* WhatsAppDatabase.swift */; };
		6D3F20132C10000100A1B001 /* ChatListView.swift in Sources */ = {isa = PBXBuildFile; fileRef = 6D3F20122C10000100A1B001 /* ChatListView.swift */; };
		6D3F20152C10000100A1B001 /* MessageListView.swift in Sources */ = {isa = PBXBuildFile; fileRef = 6D3F20142C10000100A1B001 /* MessageListView.swift */; };
		6D3F20172C10000100A1B001 /* libsqlite3.tbd in Frameworks */ = {isa = PBXBuildFile; fileRef = 6D3F20162C10000100A1B001 /* libsqlite3.tbd */; };
/* End PBXBuildFile section */

/* Begin PBXFileReference section */
		6D3F20072C10000100A1B001 /* WhatsAppArchiveViewer.app */ = {isa = PBXFileReference; explicitFileType = wrapper.application; includeInIndex = 0; path = WhatsAppArchiveViewer.app; sourceTree = BUILT_PRODUCTS_DIR; };
		6D3F200A2C10000100A1B001 /* WhatsAppArchiveApp.swift */ = {isa = PBXFileReference; lastKnownFileType = sourcecode.swift; path = WhatsAppArchiveApp.swift; sourceTree = "<group>"; };
		6D3F200C2C10000100A1B001 /* ChatSummary.swift */ = {isa = PBXFileReference; lastKnownFileType = sourcecode.swift; path = ChatSummary.swift; sourceTree = "<group>"; };
		6D3F200E2C10000100A1B001 /* MessageRow.swift */ = {isa = PBXFileReference; lastKnownFileType = sourcecode.swift; path = MessageRow.swift; sourceTree = "<group>"; };
		6D3F20102C10000100A1B001 /* WhatsAppDatabase.swift */ = {isa = PBXFileReference; lastKnownFileType = sourcecode.swift; path = WhatsAppDatabase.swift; sourceTree = "<group>"; };
		6D3F20122C10000100A1B001 /* ChatListView.swift */ = {isa = PBXFileReference; lastKnownFileType = sourcecode.swift; path = ChatListView.swift; sourceTree = "<group>"; };
		6D3F20142C10000100A1B001 /* MessageListView.swift */ = {isa = PBXFileReference; lastKnownFileType = sourcecode.swift; path = MessageListView.swift; sourceTree = "<group>"; };
		6D3F20162C10000100A1B001 /* libsqlite3.tbd */ = {isa = PBXFileReference; lastKnownFileType = "sourcecode.text-based-dylib-definition"; name = libsqlite3.tbd; path = usr/lib/libsqlite3.tbd; sourceTree = SDKROOT; };
/* End PBXFileReference section */

/* Begin PBXFrameworksBuildPhase section */
		6D3F20042C10000100A1B001 /* Frameworks */ = {
			isa = PBXFrameworksBuildPhase;
			buildActionMask = 2147483647;
			files = (
				6D3F20172C10000100A1B001 /* libsqlite3.tbd in Frameworks */,
			);
			runOnlyForDeploymentPostprocessing = 0;
		};
/* End PBXFrameworksBuildPhase section */

/* Begin PBXGroup section */
		6D3F1FFF2C10000100A1B001 = {
			isa = PBXGroup;
			children = (
				6D3F20082C10000100A1B001 /* WhatsAppArchiveViewer */,
				6D3F20182C10000100A1B001 /* Frameworks */,
				6D3F20062C10000100A1B001 /* Products */,
			);
			sourceTree = "<group>";
		};
		6D3F20062C10000100A1B001 /* Products */ = {
			isa = PBXGroup;
			children = (
				6D3F20072C10000100A1B001 /* WhatsAppArchiveViewer.app */,
			);
			name = Products;
			sourceTree = "<group>";
		};
		6D3F20082C10000100A1B001 /* WhatsAppArchiveViewer */ = {
			isa = PBXGroup;
			children = (
				6D3F200A2C10000100A1B001 /* WhatsAppArchiveApp.swift */,
				6D3F20092C10000100A1B001 /* Models */,
				6D3F20192C10000100A1B001 /* Database */,
				6D3F201A2C10000100A1B001 /* Views */,
			);
			path = WhatsAppArchiveViewer;
			sourceTree = "<group>";
		};
		6D3F20092C10000100A1B001 /* Models */ = {
			isa = PBXGroup;
			children = (
				6D3F200C2C10000100A1B001 /* ChatSummary.swift */,
				6D3F200E2C10000100A1B001 /* MessageRow.swift */,
			);
			path = Models;
			sourceTree = "<group>";
		};
		6D3F20182C10000100A1B001 /* Frameworks */ = {
			isa = PBXGroup;
			children = (
				6D3F20162C10000100A1B001 /* libsqlite3.tbd */,
			);
			name = Frameworks;
			sourceTree = "<group>";
		};
		6D3F20192C10000100A1B001 /* Database */ = {
			isa = PBXGroup;
			children = (
				6D3F20102C10000100A1B001 /* WhatsAppDatabase.swift */,
			);
			path = Database;
			sourceTree = "<group>";
		};
		6D3F201A2C10000100A1B001 /* Views */ = {
			isa = PBXGroup;
			children = (
				6D3F20122C10000100A1B001 /* ChatListView.swift */,
				6D3F20142C10000100A1B001 /* MessageListView.swift */,
			);
			path = Views;
			sourceTree = "<group>";
		};
/* End PBXGroup section */

/* Begin PBXNativeTarget section */
		6D3F20052C10000100A1B001 /* WhatsAppArchiveViewer */ = {
			isa = PBXNativeTarget;
			buildConfigurationList = 6D3F20202C10000100A1B001 /* Build configuration list for PBXNativeTarget "WhatsAppArchiveViewer" */;
			buildPhases = (
				6D3F20032C10000100A1B001 /* Sources */,
				6D3F20042C10000100A1B001 /* Frameworks */,
			);
			buildRules = (
			);
			dependencies = (
			);
			name = WhatsAppArchiveViewer;
			productName = WhatsAppArchiveViewer;
			productReference = 6D3F20072C10000100A1B001 /* WhatsAppArchiveViewer.app */;
			productType = "com.apple.product-type.application";
		};
/* End PBXNativeTarget section */

/* Begin PBXProject section */
		6D3F20002C10000100A1B001 /* Project object */ = {
			isa = PBXProject;
			attributes = {
				BuildIndependentTargetsInParallel = 1;
				LastSwiftUpdateCheck = 1530;
				LastUpgradeCheck = 1530;
				TargetAttributes = {
					6D3F20052C10000100A1B001 = {
						CreatedOnToolsVersion = 15.3;
					};
				};
			};
			buildConfigurationList = 6D3F20022C10000100A1B001 /* Build configuration list for PBXProject "WhatsAppArchiveViewer" */;
			compatibilityVersion = "Xcode 14.0";
			developmentRegion = en;
			hasScannedForEncodings = 0;
			knownRegions = (
				en,
				Base,
			);
			mainGroup = 6D3F1FFF2C10000100A1B001;
			productRefGroup = 6D3F20062C10000100A1B001 /* Products */;
			projectDirPath = "";
			projectRoot = "";
			targets = (
				6D3F20052C10000100A1B001 /* WhatsAppArchiveViewer */,
			);
		};
/* End PBXProject section */

/* Begin PBXSourcesBuildPhase section */
		6D3F20032C10000100A1B001 /* Sources */ = {
			isa = PBXSourcesBuildPhase;
			buildActionMask = 2147483647;
			files = (
				6D3F200B2C10000100A1B001 /* WhatsAppArchiveApp.swift in Sources */,
				6D3F200D2C10000100A1B001 /* ChatSummary.swift in Sources */,
				6D3F200F2C10000100A1B001 /* MessageRow.swift in Sources */,
				6D3F20112C10000100A1B001 /* WhatsAppDatabase.swift in Sources */,
				6D3F20132C10000100A1B001 /* ChatListView.swift in Sources */,
				6D3F20152C10000100A1B001 /* MessageListView.swift in Sources */,
			);
			runOnlyForDeploymentPostprocessing = 0;
		};
/* End PBXSourcesBuildPhase section */

/* Begin XCBuildConfiguration section */
		6D3F201B2C10000100A1B001 /* Debug */ = {
			isa = XCBuildConfiguration;
			buildSettings = {
				ALWAYS_SEARCH_USER_PATHS = NO;
				CLANG_ANALYZER_NONNULL = YES;
				CLANG_ANALYZER_NUMBER_OBJECT_CONVERSION = YES_AGGRESSIVE;
				CLANG_CXX_LANGUAGE_STANDARD = "gnu++20";
				CLANG_ENABLE_MODULES = YES;
				CLANG_ENABLE_OBJC_ARC = YES;
				CLANG_ENABLE_OBJC_WEAK = YES;
				CLANG_WARN_BLOCK_CAPTURE_AUTORELEASING = YES;
				CLANG_WARN_BOOL_CONVERSION = YES;
				CLANG_WARN_COMMA = YES;
				CLANG_WARN_CONSTANT_CONVERSION = YES;
				CLANG_WARN_DEPRECATED_OBJC_IMPLEMENTATIONS = YES;
				CLANG_WARN_DIRECT_OBJC_ISA_USAGE = YES_ERROR;
				CLANG_WARN_DOCUMENTATION_COMMENTS = YES;
				CLANG_WARN_EMPTY_BODY = YES;
				CLANG_WARN_ENUM_CONVERSION = YES;
				CLANG_WARN_INFINITE_RECURSION = YES;
				CLANG_WARN_INT_CONVERSION = YES;
				CLANG_WARN_NON_LITERAL_NULL_CONVERSION = YES;
				CLANG_WARN_OBJC_IMPLICIT_RETAIN_SELF = YES;
				CLANG_WARN_OBJC_LITERAL_CONVERSION = YES;
				CLANG_WARN_OBJC_ROOT_CLASS = YES_ERROR;
				CLANG_WARN_QUOTED_INCLUDE_IN_FRAMEWORK_HEADER = YES;
				CLANG_WARN_RANGE_LOOP_ANALYSIS = YES;
				CLANG_WARN_STRICT_PROTOTYPES = YES;
				CLANG_WARN_SUSPICIOUS_MOVE = YES;
				CLANG_WARN_UNGUARDED_AVAILABILITY = YES_AGGRESSIVE;
				CLANG_WARN_UNREACHABLE_CODE = YES;
				CLANG_WARN__DUPLICATE_METHOD_MATCH = YES;
				COPY_PHASE_STRIP = NO;
				DEBUG_INFORMATION_FORMAT = dwarf;
				ENABLE_STRICT_OBJC_MSGSEND = YES;
				ENABLE_TESTABILITY = YES;
				ENABLE_USER_SCRIPT_SANDBOXING = YES;
				GCC_C_LANGUAGE_STANDARD = gnu17;
				GCC_DYNAMIC_NO_PIC = NO;
				GCC_NO_COMMON_BLOCKS = YES;
				GCC_OPTIMIZATION_LEVEL = 0;
				GCC_PREPROCESSOR_DEFINITIONS = (
					"DEBUG=1",
					"$(inherited)",
				);
				GCC_WARN_64_TO_32_BIT_CONVERSION = YES;
				GCC_WARN_ABOUT_RETURN_TYPE = YES_ERROR;
				GCC_WARN_UNDECLARED_SELECTOR = YES;
				GCC_WARN_UNINITIALIZED_AUTOS = YES_AGGRESSIVE;
				GCC_WARN_UNUSED_FUNCTION = YES;
				GCC_WARN_UNUSED_VARIABLE = YES;
				IPHONEOS_DEPLOYMENT_TARGET = 17.0;
				MTL_ENABLE_DEBUG_INFO = INCLUDE_SOURCE;
				MTL_FAST_MATH = YES;
				ONLY_ACTIVE_ARCH = YES;
				SDKROOT = iphoneos;
				SWIFT_ACTIVE_COMPILATION_CONDITIONS = DEBUG;
				SWIFT_OPTIMIZATION_LEVEL = "-Onone";
			};
			name = Debug;
		};
		6D3F201C2C10000100A1B001 /* Release */ = {
			isa = XCBuildConfiguration;
			buildSettings = {
				ALWAYS_SEARCH_USER_PATHS = NO;
				CLANG_ANALYZER_NONNULL = YES;
				CLANG_ANALYZER_NUMBER_OBJECT_CONVERSION = YES_AGGRESSIVE;
				CLANG_CXX_LANGUAGE_STANDARD = "gnu++20";
				CLANG_ENABLE_MODULES = YES;
				CLANG_ENABLE_OBJC_ARC = YES;
				CLANG_ENABLE_OBJC_WEAK = YES;
				CLANG_WARN_BLOCK_CAPTURE_AUTORELEASING = YES;
				CLANG_WARN_BOOL_CONVERSION = YES;
				CLANG_WARN_COMMA = YES;
				CLANG_WARN_CONSTANT_CONVERSION = YES;
				CLANG_WARN_DEPRECATED_OBJC_IMPLEMENTATIONS = YES;
				CLANG_WARN_DIRECT_OBJC_ISA_USAGE = YES_ERROR;
				CLANG_WARN_DOCUMENTATION_COMMENTS = YES;
				CLANG_WARN_EMPTY_BODY = YES;
				CLANG_WARN_ENUM_CONVERSION = YES;
				CLANG_WARN_INFINITE_RECURSION = YES;
				CLANG_WARN_INT_CONVERSION = YES;
				CLANG_WARN_NON_LITERAL_NULL_CONVERSION = YES;
				CLANG_WARN_OBJC_IMPLICIT_RETAIN_SELF = YES;
				CLANG_WARN_OBJC_LITERAL_CONVERSION = YES;
				CLANG_WARN_OBJC_ROOT_CLASS = YES_ERROR;
				CLANG_WARN_QUOTED_INCLUDE_IN_FRAMEWORK_HEADER = YES;
				CLANG_WARN_RANGE_LOOP_ANALYSIS = YES;
				CLANG_WARN_STRICT_PROTOTYPES = YES;
				CLANG_WARN_SUSPICIOUS_MOVE = YES;
				CLANG_WARN_UNGUARDED_AVAILABILITY = YES_AGGRESSIVE;
				CLANG_WARN_UNREACHABLE_CODE = YES;
				CLANG_WARN__DUPLICATE_METHOD_MATCH = YES;
				COPY_PHASE_STRIP = NO;
				DEBUG_INFORMATION_FORMAT = "dwarf-with-dsym";
				ENABLE_NS_ASSERTIONS = NO;
				ENABLE_STRICT_OBJC_MSGSEND = YES;
				ENABLE_USER_SCRIPT_SANDBOXING = YES;
				GCC_C_LANGUAGE_STANDARD = gnu17;
				GCC_NO_COMMON_BLOCKS = YES;
				GCC_WARN_64_TO_32_BIT_CONVERSION = YES;
				GCC_WARN_ABOUT_RETURN_TYPE = YES_ERROR;
				GCC_WARN_UNDECLARED_SELECTOR = YES;
				GCC_WARN_UNINITIALIZED_AUTOS = YES_AGGRESSIVE;
				GCC_WARN_UNUSED_FUNCTION = YES;
				GCC_WARN_UNUSED_VARIABLE = YES;
				IPHONEOS_DEPLOYMENT_TARGET = 17.0;
				MTL_ENABLE_DEBUG_INFO = NO;
				MTL_FAST_MATH = YES;
				SDKROOT = iphoneos;
				SWIFT_COMPILATION_MODE = wholemodule;
				VALIDATE_PRODUCT = YES;
			};
			name = Release;
		};
		6D3F201E2C10000100A1B001 /* Debug */ = {
			isa = XCBuildConfiguration;
			buildSettings = {
				ASSETCATALOG_COMPILER_GLOBAL_ACCENT_COLOR_NAME = AccentColor;
				CODE_SIGN_STYLE = Automatic;
				CURRENT_PROJECT_VERSION = 1;
				DEVELOPMENT_ASSET_PATHS = "";
				DEVELOPMENT_TEAM = KKG8WA8RTD;
				ENABLE_PREVIEWS = YES;
				GENERATE_INFOPLIST_FILE = YES;
				INFOPLIST_KEY_UIApplicationSceneManifest_Generation = YES;
				INFOPLIST_KEY_UIApplicationSupportsIndirectInputEvents = YES;
				INFOPLIST_KEY_UILaunchScreen_Generation = YES;
				IPHONEOS_DEPLOYMENT_TARGET = 17.0;
				LD_RUNPATH_SEARCH_PATHS = (
					"$(inherited)",
					"@executable_path/Frameworks",
				);
				MARKETING_VERSION = 0.1;
				PRODUCT_BUNDLE_IDENTIFIER = "com.tabbycat18.whatsapp-archive-viewer";
				PRODUCT_NAME = "$(TARGET_NAME)";
				SUPPORTED_PLATFORMS = "iphoneos iphonesimulator";
				SUPPORTS_MACCATALYST = NO;
				SWIFT_EMIT_LOC_STRINGS = YES;
				SWIFT_VERSION = 5.0;
				TARGETED_DEVICE_FAMILY = "1,2";
			};
			name = Debug;
		};
		6D3F201F2C10000100A1B001 /* Release */ = {
			isa = XCBuildConfiguration;
			buildSettings = {
				ASSETCATALOG_COMPILER_GLOBAL_ACCENT_COLOR_NAME = AccentColor;
				CODE_SIGN_STYLE = Automatic;
				CURRENT_PROJECT_VERSION = 1;
				DEVELOPMENT_ASSET_PATHS = "";
				DEVELOPMENT_TEAM = KKG8WA8RTD;
				ENABLE_PREVIEWS = YES;
				GENERATE_INFOPLIST_FILE = YES;
				INFOPLIST_KEY_UIApplicationSceneManifest_Generation = YES;
				INFOPLIST_KEY_UIApplicationSupportsIndirectInputEvents = YES;
				INFOPLIST_KEY_UILaunchScreen_Generation = YES;
				IPHONEOS_DEPLOYMENT_TARGET = 17.0;
				LD_RUNPATH_SEARCH_PATHS = (
					"$(inherited)",
					"@executable_path/Frameworks",
				);
				MARKETING_VERSION = 0.1;
				PRODUCT_BUNDLE_IDENTIFIER = "com.tabbycat18.whatsapp-archive-viewer";
				PRODUCT_NAME = "$(TARGET_NAME)";
				SUPPORTED_PLATFORMS = "iphoneos iphonesimulator";
				SUPPORTS_MACCATALYST = NO;
				SWIFT_EMIT_LOC_STRINGS = YES;
				SWIFT_VERSION = 5.0;
				TARGETED_DEVICE_FAMILY = "1,2";
			};
			name = Release;
		};
/* End XCBuildConfiguration section */

/* Begin XCConfigurationList section */
		6D3F20022C10000100A1B001 /* Build configuration list for PBXProject "WhatsAppArchiveViewer" */ = {
			isa = XCConfigurationList;
			buildConfigurations = (
				6D3F201B2C10000100A1B001 /* Debug */,
				6D3F201C2C10000100A1B001 /* Release */,
			);
			defaultConfigurationIsVisible = 0;
			defaultConfigurationName = Release;
		};
		6D3F20202C10000100A1B001 /* Build configuration list for PBXNativeTarget "WhatsAppArchiveViewer" */ = {
			isa = XCConfigurationList;
			buildConfigurations = (
				6D3F201E2C10000100A1B001 /* Debug */,
				6D3F201F2C10000100A1B001 /* Release */,
			);
			defaultConfigurationIsVisible = 0;
			defaultConfigurationName = Release;
		};
/* End XCConfigurationList section */
	};
	rootObject = 6D3F20002C10000100A1B001 /* Project object */;
}
